
Microsoft Visual Studio Solution File, Format Version 12.00
# Visual Studio Version 17
VisualStudioVersion = 17.0.32014.148
MinimumVisualStudioVersion = 10.0.40219.1
Project("{FAE04EC0-301F-11D3-BF4B-00C04F79EFBC}") = "FlappyBird", "FlappyBird\FlappyBird.csproj", "{BA15A675-4A9A-4BCF-9C55-59C070F224E8}"
EndProject
Global
	GlobalSection(SolutionConfigurationPlatforms) = preSolution
		Debug|Any CPU = Debug|Any CPU
		Release|Any CPU = Release|Any CPU
	EndGlobalSection
	GlobalSection(ProjectConfigurationPlatforms) = postSolution
		{BA15A675-4A9A-4BCF-9C55-59C070F224E8}.Debug|Any CPU.ActiveCfg = Debug|Any CPU
		{BA15A675-4A9A-4BCF-9C55-59C070F224E8}.Debug|Any CPU.Build.0 = Debug|Any CPU
		{BA15A675-4A9A-4BCF-9C55-59C070F224E8}.Release|Any CPU.ActiveCfg = Release|Any CPU
		{BA15A675-4A9A-4BCF-9C55-59C070F224E8}.Release|Any CPU.Build.0 = Release|Any CPU
	EndGlobalSection
	GlobalSection(SolutionProperties) = preSolution
		HideSolutionNode = FALSE
	EndGlobalSection
	GlobalSection(ExtensibilityGlobals) = postSolution
		SolutionGuid = {DB695F7E-CCA4-447A-9146-5D04BCE02A80}
	EndGlobalSection
EndGlobal
